{
  "version": 4,
  "terraform_version": "1.6.3",
  "serial": 66,
  "lineage": "da157b12-0549-3a15-31dc-ba8406dfc824",
  "outputs": {
    "droplet-name": {
      "value": "droplet-jenkins-new",
      "type": "string"
    },
    "droplet-size": {
      "value": "s-4vcpu-8gb",
      "type": "string"
    },
    "firewall": {
      "value": "firewall-jenkins",
      "type": "string"
    },
    "token": {
      "value": "dop_v1_9e7c71435b66d7c3c82da4636c2bf1c4f91948c2cefa1efceffc6de0443c7882",
      "type": "string"
    }
  },
  "resources": [
    {
      "mode": "data",
      "type": "digitalocean_ssh_key",
      "name": "ssh-key",
      "provider": "provider[\"registry.terraform.io/digitalocean/digitalocean\"]",
      "instances": [
        {
          "schema_version": 0,
          "attributes": {
            "fingerprint": "ce:86:3e:c3:60:ff:50:6b:d2:a3:4a:91:76:58:fe:18",
            "id": 39886998,
            "name": "aula-jenkins",
            "public_key": "ssh-rsa AAAAB3NzaC1yc2EAAAADAQABAAACAQC91HrYaAlK/O2qSVfJ60ruDmEoCkNC4dqugRZfEJ9VA4CkMyPzHsUmKYaYdS6oNvCsEMO2wWXm/BN5EX3ZK7wkCaq0OA2IAh7ochzupU8iOoLpxM4UXwuo22FULnb+6jewOyM2OBprRekL502NIeGUF7whGI6Vj2y6IcsPwc5RUoOiirDp0U+KuZk7t81kWQkvoJwNKkhqD1MtT1qvrxKXud8IkO+iX33zLmIgd5CX+CYQAPm5BmmMozeH5BgUvj5sFy6kluZfGzSoMHbSHxGjMPMJVVaGpAEEWXpOwXr7cdlGyDmta+bNweKPGz9GtceQ3Ts0YgSKZvKkUCpg0EOuaUPnRXqKbDRR/Vf2XMfiTUtXGp17T9GNTfXMhHweC0PMSXLwPSs6UAUbHDndrtbv8aPyidu4AIBPl4FAcmgKHUUckHu0behB0uQW4Qxy1ZeajFKnhJJ702FrWJDNoGF5dXBegmDqch4R8GcMrsMdi/FnFX4f9ccIRfUsl9OOZAzyM0DHxwfmMjVJ3zB0G2XEVCMI1lueYFkuYy9XW1UgIlCHSCnCjamMX7wfOdyye2mPe6Ip9OeHI03hySjpVoLxkRGaT4Aeri8dSnUjuUsyjMAhDvFGg2ichXLYpcjtcoK7XVK3CK8pGO1rQV+iXdVcrR61wPySGmHR8bHq66kS7w== lholanda@ubuntu2204"
          },
          "sensitive_attributes": []
        }
      ]
    },
    {
      "mode": "managed",
      "type": "digitalocean_droplet",
      "name": "droplet_jenkins_new",
      "provider": "provider[\"registry.terraform.io/digitalocean/digitalocean\"]",
      "instances": [
        {
          "schema_version": 1,
          "attributes": {
            "backups": false,
            "created_at": "2023-11-11T13:59:45Z",
            "disk": 160,
            "droplet_agent": null,
            "graceful_shutdown": false,
            "id": "384458209",
            "image": "ubuntu-22-04-x64",
            "ipv4_address": "104.248.61.44",
            "ipv4_address_private": "10.116.0.2",
            "ipv6": false,
            "ipv6_address": "",
            "locked": false,
            "memory": 8192,
            "monitoring": false,
            "name": "droplet-jenkins-new",
            "price_hourly": 0.07143,
            "price_monthly": 48,
            "private_networking": true,
            "region": "nyc1",
            "resize_disk": true,
            "size": "s-4vcpu-8gb",
            "ssh_keys": [
              "39886998"
            ],
            "status": "active",
            "tags": null,
            "timeouts": null,
            "urn": "do:droplet:384458209",
            "user_data": null,
            "vcpus": 4,
            "volume_ids": [],
            "vpc_uuid": "e68a6519-7ca8-47af-9b90-bcf4d075f40e"
          },
          "sensitive_attributes": [],
          "private": "eyJlMmJmYjczMC1lY2FhLTExZTYtOGY4OC0zNDM2M2JjN2M0YzAiOnsiY3JlYXRlIjozNjAwMDAwMDAwMDAwLCJkZWxldGUiOjYwMDAwMDAwMDAwLCJ1cGRhdGUiOjM2MDAwMDAwMDAwMDB9LCJzY2hlbWFfdmVyc2lvbiI6IjEifQ==",
          "dependencies": [
            "data.digitalocean_ssh_key.ssh-key"
          ]
        }
      ]
    },
    {
      "mode": "managed",
      "type": "digitalocean_firewall",
      "name": "firewall_jenkins",
      "provider": "provider[\"registry.terraform.io/digitalocean/digitalocean\"]",
      "instances": [
        {
          "schema_version": 0,
          "attributes": {
            "created_at": "2023-11-11T14:00:17Z",
            "droplet_ids": [
              384458209
            ],
            "id": "e7bba497-893c-44ec-b5aa-48dc57bf0d71",
            "inbound_rule": [
              {
                "port_range": "22",
                "protocol": "tcp",
                "source_addresses": [
                  "0.0.0.0/0",
                  "::/0"
                ],
                "source_droplet_ids": [],
                "source_kubernetes_ids": [],
                "source_load_balancer_uids": [],
                "source_tags": []
              },
              {
                "port_range": "443",
                "protocol": "tcp",
                "source_addresses": [
                  "0.0.0.0/0",
                  "::/0"
                ],
                "source_droplet_ids": [],
                "source_kubernetes_ids": [],
                "source_load_balancer_uids": [],
                "source_tags": []
              },
              {
                "port_range": "53",
                "protocol": "tcp",
                "source_addresses": [
                  "0.0.0.0/0",
                  "::/0"
                ],
                "source_droplet_ids": [],
                "source_kubernetes_ids": [],
                "source_load_balancer_uids": [],
                "source_tags": []
              },
              {
                "port_range": "53",
                "protocol": "udp",
                "source_addresses": [
                  "0.0.0.0/0",
                  "::/0"
                ],
                "source_droplet_ids": [],
                "source_kubernetes_ids": [],
                "source_load_balancer_uids": [],
                "source_tags": []
              },
              {
                "port_range": "80",
                "protocol": "tcp",
                "source_addresses": [
                  "0.0.0.0/0",
                  "::/0"
                ],
                "source_droplet_ids": [],
                "source_kubernetes_ids": [],
                "source_load_balancer_uids": [],
                "source_tags": []
              },
              {
                "port_range": "8080",
                "protocol": "tcp",
                "source_addresses": [
                  "0.0.0.0/0",
                  "::/0"
                ],
                "source_droplet_ids": [],
                "source_kubernetes_ids": [],
                "source_load_balancer_uids": [],
                "source_tags": []
              }
            ],
            "name": "firewall-jenkins",
            "outbound_rule": [
              {
                "destination_addresses": [
                  "0.0.0.0/0",
                  "::/0"
                ],
                "destination_droplet_ids": [],
                "destination_kubernetes_ids": [],
                "destination_load_balancer_uids": [],
                "destination_tags": [],
                "port_range": "22",
                "protocol": "tcp"
              },
              {
                "destination_addresses": [
                  "0.0.0.0/0",
                  "::/0"
                ],
                "destination_droplet_ids": [],
                "destination_kubernetes_ids": [],
                "destination_load_balancer_uids": [],
                "destination_tags": [],
                "port_range": "443",
                "protocol": "tcp"
              },
              {
                "destination_addresses": [
                  "0.0.0.0/0",
                  "::/0"
                ],
                "destination_droplet_ids": [],
                "destination_kubernetes_ids": [],
                "destination_load_balancer_uids": [],
                "destination_tags": [],
                "port_range": "53",
                "protocol": "tcp"
              },
              {
                "destination_addresses": [
                  "0.0.0.0/0",
                  "::/0"
                ],
                "destination_droplet_ids": [],
                "destination_kubernetes_ids": [],
                "destination_load_balancer_uids": [],
                "destination_tags": [],
                "port_range": "53",
                "protocol": "udp"
              },
              {
                "destination_addresses": [
                  "0.0.0.0/0",
                  "::/0"
                ],
                "destination_droplet_ids": [],
                "destination_kubernetes_ids": [],
                "destination_load_balancer_uids": [],
                "destination_tags": [],
                "port_range": "80",
                "protocol": "tcp"
              },
              {
                "destination_addresses": [
                  "0.0.0.0/0",
                  "::/0"
                ],
                "destination_droplet_ids": [],
                "destination_kubernetes_ids": [],
                "destination_load_balancer_uids": [],
                "destination_tags": [],
                "port_range": "8080",
                "protocol": "tcp"
              }
            ],
            "pending_changes": [
              {
                "droplet_id": 384458209,
                "removing": false,
                "status": "waiting"
              }
            ],
            "status": "waiting",
            "tags": null
          },
          "sensitive_attributes": [],
          "private": "bnVsbA==",
          "dependencies": [
            "data.digitalocean_ssh_key.ssh-key",
            "digitalocean_droplet.droplet_jenkins_new"
          ]
        }
      ]
    }
  ],
  "check_results": null
}
